
Microsoft Visual Studio Solution File, Format Version 12.00
# Visual Studio Version 16
VisualStudioVersion = 16.0.29009.5
MinimumVisualStudioVersion = 10.0.40219.1
Project("{FAE04EC0-301F-11D3-BF4B-00C04F79EFBC}") = "Metasoft", "Metasoft\Metasoft.csproj", "{8AADB900-4A78-4F24-9E43-961D045D0D2E}"
EndProject
Global
	GlobalSection(SolutionConfigurationPlatforms) = preSolution
		Debug|Any CPU = Debug|Any CPU
		Release|Any CPU = Release|Any CPU
	EndGlobalSection
	GlobalSection(ProjectConfigurationPlatforms) = postSolution
		{8AADB900-4A78-4F24-9E43-961D045D0D2E}.Debug|Any CPU.ActiveCfg = Debug|Any CPU
		{8AADB900-4A78-4F24-9E43-961D045D0D2E}.Debug|Any CPU.Build.0 = Debug|Any CPU
		{8AADB900-4A78-4F24-9E43-961D045D0D2E}.Release|Any CPU.ActiveCfg = Release|Any CPU
		{8AADB900-4A78-4F24-9E43-961D045D0D2E}.Release|Any CPU.Build.0 = Release|Any CPU
	EndGlobalSection
	GlobalSection(SolutionProperties) = preSolution
		HideSolutionNode = FALSE
	EndGlobalSection
	GlobalSection(ExtensibilityGlobals) = postSolution
		SolutionGuid = {FF2E06D6-51F3-4FCA-8696-4E4E1269DF13}
	EndGlobalSection
EndGlobal
